
Microsoft Visual Studio Solution File, Format Version 12.00
# Visual Studio Version 17
VisualStudioVersion = 17.1.32421.90
MinimumVisualStudioVersion = 10.0.40219.1
Project("{8BC9CEB8-8B4A-11D0-8D11-00A0C91BC942}") = "idpw", "Project3\Project3.vcxproj", "{CA4EDECA-4F91-4FC4-9B97-2B922F1FE9BD}"
EndProject
Project("{8BC9CEB8-8B4A-11D0-8D11-00A0C91BC942}") = "yunsan", "Project1\Project1.vcxproj", "{E60580F5-AD3D-4564-8F78-4951DEAB8FC3}"
EndProject
Project("{2150E333-8FDC-42A3-9474-1A3956D46DE8}") = "Other", "Other", "{001C6655-F24C-482C-917F-2C44630AC5D5}"
	ProjectSection(SolutionItems) = preProject
		Log.txt = Log.txt
		Template.c = Template.c
	EndProjectSection
EndProject
Project("{8BC9CEB8-8B4A-11D0-8D11-00A0C91BC942}") = "ASCII", "ASCII\ASCII.vcxproj", "{4A2BD9D9-515E-4E0B-972F-2C09F0B17D5F}"
EndProject
Project("{8BC9CEB8-8B4A-11D0-8D11-00A0C91BC942}") = "Test-C-popup", "Test-C-popup\Test-C-popup.vcxproj", "{BB7835BB-3DEC-4B2C-B072-EC5C665193AF}"
EndProject
Project("{8BC9CEB8-8B4A-11D0-8D11-00A0C91BC942}") = "nanugi", "nanugi\nanugi.vcxproj", "{AB330BE3-B90D-4178-9569-C61AAE2CB936}"
EndProject
Project("{8BC9CEB8-8B4A-11D0-8D11-00A0C91BC942}") = "banbokmun", "Project4\Project4.vcxproj", "{F8F69D31-36A5-476B-827D-EC35C8AEEE8D}"
EndProject
Project("{8BC9CEB8-8B4A-11D0-8D11-00A0C91BC942}") = "윤년", "윤년\윤년.vcxproj", "{329BFD3B-BF7C-44C3-BDB4-C0B6BA01FA44}"
EndProject
Project("{8BC9CEB8-8B4A-11D0-8D11-00A0C91BC942}") = "구구단", "단위환산\단위환산.vcxproj", "{B2F7B356-2B65-4509-B360-2CD7B7FD3A10}"
EndProject
Project("{8BC9CEB8-8B4A-11D0-8D11-00A0C91BC942}") = "n부터n까지합", "n부터n까지합\n부터n까지합.vcxproj", "{91503149-B390-40AE-AEB9-320A025DEC75}"
EndProject
Project("{8BC9CEB8-8B4A-11D0-8D11-00A0C91BC942}") = "성적_평균", "성적_평균\성적_평균.vcxproj", "{043B1BE5-5E8F-4896-9CFC-596CBB026677}"
EndProject
Project("{8BC9CEB8-8B4A-11D0-8D11-00A0C91BC942}") = "최대값", "최대값\최대값.vcxproj", "{FAE30B46-3480-47E4-B8A0-550FEF682438}"
EndProject
Project("{8BC9CEB8-8B4A-11D0-8D11-00A0C91BC942}") = "최대공약수", "최대공약수\최대공약수.vcxproj", "{90EDA658-1440-431F-8A2B-C186B4E80A23}"
EndProject
Project("{8BC9CEB8-8B4A-11D0-8D11-00A0C91BC942}") = "메뉴", "메뉴\메뉴.vcxproj", "{2896D5E3-9F7E-4334-BCA2-7A5C277CB881}"
EndProject
Project("{8BC9CEB8-8B4A-11D0-8D11-00A0C91BC942}") = "파일메뉴", "파일메뉴\파일메뉴.vcxproj", "{ECAFB97F-87C6-453C-99DC-29050CEBE969}"
EndProject
Project("{8BC9CEB8-8B4A-11D0-8D11-00A0C91BC942}") = "팩토리얼", "팩토리얼\팩토리얼.vcxproj", "{8D3133F9-A361-4D81-898A-FD74DDB02FEC}"
EndProject
Global
	GlobalSection(SolutionConfigurationPlatforms) = preSolution
		Debug|x64 = Debug|x64
		Debug|x86 = Debug|x86
		Release|x64 = Release|x64
		Release|x86 = Release|x86
	EndGlobalSection
	GlobalSection(ProjectConfigurationPlatforms) = postSolution
		{CA4EDECA-4F91-4FC4-9B97-2B922F1FE9BD}.Debug|x64.ActiveCfg = Release|Win32
		{CA4EDECA-4F91-4FC4-9B97-2B922F1FE9BD}.Debug|x64.Build.0 = Release|Win32
		{CA4EDECA-4F91-4FC4-9B97-2B922F1FE9BD}.Debug|x86.ActiveCfg = Debug|Win32
		{CA4EDECA-4F91-4FC4-9B97-2B922F1FE9BD}.Debug|x86.Build.0 = Debug|Win32
		{CA4EDECA-4F91-4FC4-9B97-2B922F1FE9BD}.Release|x64.ActiveCfg = Release|x64
		{CA4EDECA-4F91-4FC4-9B97-2B922F1FE9BD}.Release|x64.Build.0 = Release|x64
		{CA4EDECA-4F91-4FC4-9B97-2B922F1FE9BD}.Release|x86.ActiveCfg = Release|Win32
		{CA4EDECA-4F91-4FC4-9B97-2B922F1FE9BD}.Release|x86.Build.0 = Release|Win32
		{E60580F5-AD3D-4564-8F78-4951DEAB8FC3}.Debug|x64.ActiveCfg = Release|Win32
		{E60580F5-AD3D-4564-8F78-4951DEAB8FC3}.Debug|x64.Build.0 = Release|Win32
		{E60580F5-AD3D-4564-8F78-4951DEAB8FC3}.Debug|x86.ActiveCfg = Debug|Win32
		{E60580F5-AD3D-4564-8F78-4951DEAB8FC3}.Debug|x86.Build.0 = Debug|Win32
		{E60580F5-AD3D-4564-8F78-4951DEAB8FC3}.Release|x64.ActiveCfg = Release|x64
		{E60580F5-AD3D-4564-8F78-4951DEAB8FC3}.Release|x64.Build.0 = Release|x64
		{E60580F5-AD3D-4564-8F78-4951DEAB8FC3}.Release|x86.ActiveCfg = Release|Win32
		{E60580F5-AD3D-4564-8F78-4951DEAB8FC3}.Release|x86.Build.0 = Release|Win32
		{4A2BD9D9-515E-4E0B-972F-2C09F0B17D5F}.Debug|x64.ActiveCfg = Release|Win32
		{4A2BD9D9-515E-4E0B-972F-2C09F0B17D5F}.Debug|x64.Build.0 = Release|Win32
		{4A2BD9D9-515E-4E0B-972F-2C09F0B17D5F}.Debug|x86.ActiveCfg = Debug|Win32
		{4A2BD9D9-515E-4E0B-972F-2C09F0B17D5F}.Debug|x86.Build.0 = Debug|Win32
		{4A2BD9D9-515E-4E0B-972F-2C09F0B17D5F}.Release|x64.ActiveCfg = Release|x64
		{4A2BD9D9-515E-4E0B-972F-2C09F0B17D5F}.Release|x64.Build.0 = Release|x64
		{4A2BD9D9-515E-4E0B-972F-2C09F0B17D5F}.Release|x86.ActiveCfg = Release|Win32
		{4A2BD9D9-515E-4E0B-972F-2C09F0B17D5F}.Release|x86.Build.0 = Release|Win32
		{BB7835BB-3DEC-4B2C-B072-EC5C665193AF}.Debug|x64.ActiveCfg = Release|Win32
		{BB7835BB-3DEC-4B2C-B072-EC5C665193AF}.Debug|x64.Build.0 = Release|Win32
		{BB7835BB-3DEC-4B2C-B072-EC5C665193AF}.Debug|x86.ActiveCfg = Debug|Win32
		{BB7835BB-3DEC-4B2C-B072-EC5C665193AF}.Debug|x86.Build.0 = Debug|Win32
		{BB7835BB-3DEC-4B2C-B072-EC5C665193AF}.Release|x64.ActiveCfg = Release|x64
		{BB7835BB-3DEC-4B2C-B072-EC5C665193AF}.Release|x64.Build.0 = Release|x64
		{BB7835BB-3DEC-4B2C-B072-EC5C665193AF}.Release|x86.ActiveCfg = Release|Win32
		{BB7835BB-3DEC-4B2C-B072-EC5C665193AF}.Release|x86.Build.0 = Release|Win32
		{AB330BE3-B90D-4178-9569-C61AAE2CB936}.Debug|x64.ActiveCfg = Release|Win32
		{AB330BE3-B90D-4178-9569-C61AAE2CB936}.Debug|x64.Build.0 = Release|Win32
		{AB330BE3-B90D-4178-9569-C61AAE2CB936}.Debug|x86.ActiveCfg = Debug|Win32
		{AB330BE3-B90D-4178-9569-C61AAE2CB936}.Debug|x86.Build.0 = Debug|Win32
		{AB330BE3-B90D-4178-9569-C61AAE2CB936}.Release|x64.ActiveCfg = Release|x64
		{AB330BE3-B90D-4178-9569-C61AAE2CB936}.Release|x64.Build.0 = Release|x64
		{AB330BE3-B90D-4178-9569-C61AAE2CB936}.Release|x86.ActiveCfg = Release|Win32
		{AB330BE3-B90D-4178-9569-C61AAE2CB936}.Release|x86.Build.0 = Release|Win32
		{F8F69D31-36A5-476B-827D-EC35C8AEEE8D}.Debug|x64.ActiveCfg = Release|Win32
		{F8F69D31-36A5-476B-827D-EC35C8AEEE8D}.Debug|x64.Build.0 = Release|Win32
		{F8F69D31-36A5-476B-827D-EC35C8AEEE8D}.Debug|x86.ActiveCfg = Debug|Win32
		{F8F69D31-36A5-476B-827D-EC35C8AEEE8D}.Debug|x86.Build.0 = Debug|Win32
		{F8F69D31-36A5-476B-827D-EC35C8AEEE8D}.Release|x64.ActiveCfg = Release|x64
		{F8F69D31-36A5-476B-827D-EC35C8AEEE8D}.Release|x64.Build.0 = Release|x64
		{F8F69D31-36A5-476B-827D-EC35C8AEEE8D}.Release|x86.ActiveCfg = Release|Win32
		{F8F69D31-36A5-476B-827D-EC35C8AEEE8D}.Release|x86.Build.0 = Release|Win32
		{329BFD3B-BF7C-44C3-BDB4-C0B6BA01FA44}.Debug|x64.ActiveCfg = Debug|x64
		{329BFD3B-BF7C-44C3-BDB4-C0B6BA01FA44}.Debug|x64.Build.0 = Debug|x64
		{329BFD3B-BF7C-44C3-BDB4-C0B6BA01FA44}.Debug|x86.ActiveCfg = Debug|Win32
		{329BFD3B-BF7C-44C3-BDB4-C0B6BA01FA44}.Debug|x86.Build.0 = Debug|Win32
		{329BFD3B-BF7C-44C3-BDB4-C0B6BA01FA44}.Release|x64.ActiveCfg = Release|x64
		{329BFD3B-BF7C-44C3-BDB4-C0B6BA01FA44}.Release|x64.Build.0 = Release|x64
		{329BFD3B-BF7C-44C3-BDB4-C0B6BA01FA44}.Release|x86.ActiveCfg = Release|Win32
		{329BFD3B-BF7C-44C3-BDB4-C0B6BA01FA44}.Release|x86.Build.0 = Release|Win32
		{B2F7B356-2B65-4509-B360-2CD7B7FD3A10}.Debug|x64.ActiveCfg = Debug|x64
		{B2F7B356-2B65-4509-B360-2CD7B7FD3A10}.Debug|x64.Build.0 = Debug|x64
		{B2F7B356-2B65-4509-B360-2CD7B7FD3A10}.Debug|x86.ActiveCfg = Debug|Win32
		{B2F7B356-2B65-4509-B360-2CD7B7FD3A10}.Debug|x86.Build.0 = Debug|Win32
		{B2F7B356-2B65-4509-B360-2CD7B7FD3A10}.Release|x64.ActiveCfg = Release|x64
		{B2F7B356-2B65-4509-B360-2CD7B7FD3A10}.Release|x64.Build.0 = Release|x64
		{B2F7B356-2B65-4509-B360-2CD7B7FD3A10}.Release|x86.ActiveCfg = Release|Win32
		{B2F7B356-2B65-4509-B360-2CD7B7FD3A10}.Release|x86.Build.0 = Release|Win32
		{91503149-B390-40AE-AEB9-320A025DEC75}.Debug|x64.ActiveCfg = Debug|x64
		{91503149-B390-40AE-AEB9-320A025DEC75}.Debug|x64.Build.0 = Debug|x64
		{91503149-B390-40AE-AEB9-320A025DEC75}.Debug|x86.ActiveCfg = Debug|Win32
		{91503149-B390-40AE-AEB9-320A025DEC75}.Debug|x86.Build.0 = Debug|Win32
		{91503149-B390-40AE-AEB9-320A025DEC75}.Release|x64.ActiveCfg = Release|x64
		{91503149-B390-40AE-AEB9-320A025DEC75}.Release|x64.Build.0 = Release|x64
		{91503149-B390-40AE-AEB9-320A025DEC75}.Release|x86.ActiveCfg = Release|Win32
		{91503149-B390-40AE-AEB9-320A025DEC75}.Release|x86.Build.0 = Release|Win32
		{043B1BE5-5E8F-4896-9CFC-596CBB026677}.Debug|x64.ActiveCfg = Debug|x64
		{043B1BE5-5E8F-4896-9CFC-596CBB026677}.Debug|x64.Build.0 = Debug|x64
		{043B1BE5-5E8F-4896-9CFC-596CBB026677}.Debug|x86.ActiveCfg = Debug|Win32
		{043B1BE5-5E8F-4896-9CFC-596CBB026677}.Debug|x86.Build.0 = Debug|Win32
		{043B1BE5-5E8F-4896-9CFC-596CBB026677}.Release|x64.ActiveCfg = Release|x64
		{043B1BE5-5E8F-4896-9CFC-596CBB026677}.Release|x64.Build.0 = Release|x64
		{043B1BE5-5E8F-4896-9CFC-596CBB026677}.Release|x86.ActiveCfg = Release|Win32
		{043B1BE5-5E8F-4896-9CFC-596CBB026677}.Release|x86.Build.0 = Release|Win32
		{FAE30B46-3480-47E4-B8A0-550FEF682438}.Debug|x64.ActiveCfg = Debug|x64
		{FAE30B46-3480-47E4-B8A0-550FEF682438}.Debug|x64.Build.0 = Debug|x64
		{FAE30B46-3480-47E4-B8A0-550FEF682438}.Debug|x86.ActiveCfg = Debug|Win32
		{FAE30B46-3480-47E4-B8A0-550FEF682438}.Debug|x86.Build.0 = Debug|Win32
		{FAE30B46-3480-47E4-B8A0-550FEF682438}.Release|x64.ActiveCfg = Release|x64
		{FAE30B46-3480-47E4-B8A0-550FEF682438}.Release|x64.Build.0 = Release|x64
		{FAE30B46-3480-47E4-B8A0-550FEF682438}.Release|x86.ActiveCfg = Release|Win32
		{FAE30B46-3480-47E4-B8A0-550FEF682438}.Release|x86.Build.0 = Release|Win32
		{90EDA658-1440-431F-8A2B-C186B4E80A23}.Debug|x64.ActiveCfg = Debug|x64
		{90EDA658-1440-431F-8A2B-C186B4E80A23}.Debug|x64.Build.0 = Debug|x64
		{90EDA658-1440-431F-8A2B-C186B4E80A23}.Debug|x86.ActiveCfg = Debug|Win32
		{90EDA658-1440-431F-8A2B-C186B4E80A23}.Debug|x86.Build.0 = Debug|Win32
		{90EDA658-1440-431F-8A2B-C186B4E80A23}.Release|x64.ActiveCfg = Release|x64
		{90EDA658-1440-431F-8A2B-C186B4E80A23}.Release|x64.Build.0 = Release|x64
		{90EDA658-1440-431F-8A2B-C186B4E80A23}.Release|x86.ActiveCfg = Release|Win32
		{90EDA658-1440-431F-8A2B-C186B4E80A23}.Release|x86.Build.0 = Release|Win32
		{2896D5E3-9F7E-4334-BCA2-7A5C277CB881}.Debug|x64.ActiveCfg = Debug|x64
		{2896D5E3-9F7E-4334-BCA2-7A5C277CB881}.Debug|x64.Build.0 = Debug|x64
		{2896D5E3-9F7E-4334-BCA2-7A5C277CB881}.Debug|x86.ActiveCfg = Debug|Win32
		{2896D5E3-9F7E-4334-BCA2-7A5C277CB881}.Debug|x86.Build.0 = Debug|Win32
		{2896D5E3-9F7E-4334-BCA2-7A5C277CB881}.Release|x64.ActiveCfg = Release|x64
		{2896D5E3-9F7E-4334-BCA2-7A5C277CB881}.Release|x64.Build.0 = Release|x64
		{2896D5E3-9F7E-4334-BCA2-7A5C277CB881}.Release|x86.ActiveCfg = Release|Win32
		{2896D5E3-9F7E-4334-BCA2-7A5C277CB881}.Release|x86.Build.0 = Release|Win32
		{ECAFB97F-87C6-453C-99DC-29050CEBE969}.Debug|x64.ActiveCfg = Debug|x64
		{ECAFB97F-87C6-453C-99DC-29050CEBE969}.Debug|x64.Build.0 = Debug|x64
		{ECAFB97F-87C6-453C-99DC-29050CEBE969}.Debug|x86.ActiveCfg = Debug|Win32
		{ECAFB97F-87C6-453C-99DC-29050CEBE969}.Debug|x86.Build.0 = Debug|Win32
		{ECAFB97F-87C6-453C-99DC-29050CEBE969}.Release|x64.ActiveCfg = Release|x64
		{ECAFB97F-87C6-453C-99DC-29050CEBE969}.Release|x64.Build.0 = Release|x64
		{ECAFB97F-87C6-453C-99DC-29050CEBE969}.Release|x86.ActiveCfg = Release|Win32
		{ECAFB97F-87C6-453C-99DC-29050CEBE969}.Release|x86.Build.0 = Release|Win32
		{8D3133F9-A361-4D81-898A-FD74DDB02FEC}.Debug|x64.ActiveCfg = Debug|x64
		{8D3133F9-A361-4D81-898A-FD74DDB02FEC}.Debug|x64.Build.0 = Debug|x64
		{8D3133F9-A361-4D81-898A-FD74DDB02FEC}.Debug|x86.ActiveCfg = Debug|Win32
		{8D3133F9-A361-4D81-898A-FD74DDB02FEC}.Debug|x86.Build.0 = Debug|Win32
		{8D3133F9-A361-4D81-898A-FD74DDB02FEC}.Release|x64.ActiveCfg = Release|x64
		{8D3133F9-A361-4D81-898A-FD74DDB02FEC}.Release|x64.Build.0 = Release|x64
		{8D3133F9-A361-4D81-898A-FD74DDB02FEC}.Release|x86.ActiveCfg = Release|Win32
		{8D3133F9-A361-4D81-898A-FD74DDB02FEC}.Release|x86.Build.0 = Release|Win32
	EndGlobalSection
	GlobalSection(SolutionProperties) = preSolution
		HideSolutionNode = FALSE
	EndGlobalSection
	GlobalSection(ExtensibilityGlobals) = postSolution
		SolutionGuid = {C400DB84-AE8F-4A7A-B33C-F86981D9A6B8}
	EndGlobalSection
EndGlobal
